
Microsoft Visual Studio Solution File, Format Version 11.00
# Visual Studio 2010
Project("{FAE04EC0-301F-11D3-BF4B-00C04F79EFBC}") = "hash", "hash\hash.csproj", "{3EE6603A-B3E0-4726-AB27-3ABD7F180018}"
EndProject
Project("{FAE04EC0-301F-11D3-BF4B-00C04F79EFBC}") = "hash.tests", "hash.tests\hash.tests.csproj", "{E7F00D20-89E2-4EB6-BD92-DF08AFD3C35F}"
EndProject
Global
	GlobalSection(SolutionConfigurationPlatforms) = preSolution
		Debug|Any CPU = Debug|Any CPU
		Debug|Mixed Platforms = Debug|Mixed Platforms
		Debug|x86 = Debug|x86
		Release|Any CPU = Release|Any CPU
		Release|Mixed Platforms = Release|Mixed Platforms
		Release|x86 = Release|x86
	EndGlobalSection
	GlobalSection(ProjectConfigurationPlatforms) = postSolution
		{3EE6603A-B3E0-4726-AB27-3ABD7F180018}.Debug|Any CPU.ActiveCfg = Debug|x86
		{3EE6603A-B3E0-4726-AB27-3ABD7F180018}.Debug|Mixed Platforms.ActiveCfg = Debug|x86
		{3EE6603A-B3E0-4726-AB27-3ABD7F180018}.Debug|Mixed Platforms.Build.0 = Debug|x86
		{3EE6603A-B3E0-4726-AB27-3ABD7F180018}.Debug|x86.ActiveCfg = Debug|x86
		{3EE6603A-B3E0-4726-AB27-3ABD7F180018}.Debug|x86.Build.0 = Debug|x86
		{3EE6603A-B3E0-4726-AB27-3ABD7F180018}.Release|Any CPU.ActiveCfg = Release|x86
		{3EE6603A-B3E0-4726-AB27-3ABD7F180018}.Release|Mixed Platforms.ActiveCfg = Release|x86
		{3EE6603A-B3E0-4726-AB27-3ABD7F180018}.Release|Mixed Platforms.Build.0 = Release|x86
		{3EE6603A-B3E0-4726-AB27-3ABD7F180018}.Release|x86.ActiveCfg = Release|x86
		{3EE6603A-B3E0-4726-AB27-3ABD7F180018}.Release|x86.Build.0 = Release|x86
		{E7F00D20-89E2-4EB6-BD92-DF08AFD3C35F}.Debug|Any CPU.ActiveCfg = Debug|Any CPU
		{E7F00D20-89E2-4EB6-BD92-DF08AFD3C35F}.Debug|Any CPU.Build.0 = Debug|Any CPU
		{E7F00D20-89E2-4EB6-BD92-DF08AFD3C35F}.Debug|Mixed Platforms.ActiveCfg = Debug|Any CPU
		{E7F00D20-89E2-4EB6-BD92-DF08AFD3C35F}.Debug|Mixed Platforms.Build.0 = Debug|Any CPU
		{E7F00D20-89E2-4EB6-BD92-DF08AFD3C35F}.Debug|x86.ActiveCfg = Debug|Any CPU
		{E7F00D20-89E2-4EB6-BD92-DF08AFD3C35F}.Release|Any CPU.ActiveCfg = Release|Any CPU
		{E7F00D20-89E2-4EB6-BD92-DF08AFD3C35F}.Release|Any CPU.Build.0 = Release|Any CPU
		{E7F00D20-89E2-4EB6-BD92-DF08AFD3C35F}.Release|Mixed Platforms.ActiveCfg = Release|Any CPU
		{E7F00D20-89E2-4EB6-BD92-DF08AFD3C35F}.Release|Mixed Platforms.Build.0 = Release|Any CPU
		{E7F00D20-89E2-4EB6-BD92-DF08AFD3C35F}.Release|x86.ActiveCfg = Release|Any CPU
	EndGlobalSection
	GlobalSection(SolutionProperties) = preSolution
		HideSolutionNode = FALSE
	EndGlobalSection
EndGlobal
